{
  "name": "@liquid-labs/md2x",
  "version": "1.0.0-alpha.2",
  "lockfileVersion": 2,
  "requires": true,
  "packages": {
    "": {
      "name": "@liquid-labs/md2x",
      "version": "1.0.0-alpha.2",
      "license": "UNLICENSED",
      "devDependencies": {
        "@liquid-labs/bash-rollup": "^1.0.0-alpha.6",
        "@liquid-labs/bash-toolkit": "^1.0.0-alpha.57"
      }
    },
    "node_modules/@liquid-labs/bash-rollup": {
      "version": "1.0.0-alpha.6",
      "resolved": "https://registry.npmjs.org/@liquid-labs/bash-rollup/-/bash-rollup-1.0.0-alpha.6.tgz",
      "integrity": "sha512-LN7uNGk0b6pwgOp9yM+f+hpF9Qfz7pXnJH1ZHhjxYrn4uGaCzSIph7FWAvmo1GkWC/x7FB6JaO3k/CpEhU5QHg==",
      "dev": true,
      "bin": {
        "bash-rollup": "dist/bash-rollup.sh"
      }
    },
    "node_modules/@liquid-labs/bash-toolkit": {
      "version": "1.0.0-alpha.57",
      "resolved": "https://registry.npmjs.org/@liquid-labs/bash-toolkit/-/bash-toolkit-1.0.0-alpha.57.tgz",
      "integrity": "sha512-DjWB4y1ltZ3YDSFGR2j5JPzV6tB/jdfBt1vKUO3JZpIxj8CPB4aqazgrLKIHA+VsbHe0JLy33/eaeO4QJp0f1A==",
      "dev": true
    }
  },
  "dependencies": {
    "@liquid-labs/bash-rollup": {
      "version": "1.0.0-alpha.6",
      "resolved": "https://registry.npmjs.org/@liquid-labs/bash-rollup/-/bash-rollup-1.0.0-alpha.6.tgz",
      "integrity": "sha512-LN7uNGk0b6pwgOp9yM+f+hpF9Qfz7pXnJH1ZHhjxYrn4uGaCzSIph7FWAvmo1GkWC/x7FB6JaO3k/CpEhU5QHg==",
      "dev": true
    },
    "@liquid-labs/bash-toolkit": {
      "version": "1.0.0-alpha.57",
      "resolved": "https://registry.npmjs.org/@liquid-labs/bash-toolkit/-/bash-toolkit-1.0.0-alpha.57.tgz",
      "integrity": "sha512-DjWB4y1ltZ3YDSFGR2j5JPzV6tB/jdfBt1vKUO3JZpIxj8CPB4aqazgrLKIHA+VsbHe0JLy33/eaeO4QJp0f1A==",
      "dev": true
    }
  }
}
